{
  "version": 4,
  "terraform_version": "1.2.8",
  "serial": 3,
  "lineage": "2562cf73-d92b-29f3-1109-358b525662f9",
  "outputs": {},
  "resources": [
    {
      "mode": "data",
      "type": "azurerm_linux_web_app",
      "name": "webapp",
      "provider": "provider[\"registry.terraform.io/hashicorp/azurerm\"]",
      "instances": [
        {
          "schema_version": 0,
          "attributes": {
            "app_metadata": {},
            "app_settings": {},
            "auth_settings": [
              {
                "active_directory": [],
                "additional_login_parameters": {},
                "allowed_external_redirect_urls": [],
                "default_provider": "",
                "enabled": false,
                "facebook": [],
                "github": [],
                "google": [],
                "issuer": "",
                "microsoft": [],
                "runtime_version": "",
                "token_refresh_extension_hours": 0,
                "token_store_enabled": false,
                "twitter": [],
                "unauthenticated_client_action": ""
              }
            ],
            "backup": [],
            "client_affinity_enabled": false,
            "client_certificate_enabled": false,
            "client_certificate_mode": "Required",
            "connection_string": [],
            "custom_domain_verification_id": "80C4B5FBCCB949CE151806B1551AB2B23D81646CFE639A01598A698C86D0C287",
            "default_hostname": "tflinuxapp.azurewebsites.net",
            "enabled": true,
            "https_only": false,
            "id": "/subscriptions/26b3c258-f71f-4c14-b08e-32bff9b16b5a/resourceGroups/testingARM/providers/Microsoft.Web/sites/tflinuxapp",
            "identity": [],
            "key_vault_reference_identity_id": "",
            "kind": "app,linux,container",
            "location": "ukwest",
            "logs": [],
            "name": "tflinuxapp",
            "outbound_ip_address_list": [
              "51.137.140.150",
              "51.137.141.228",
              "52.142.171.119",
              "52.142.172.22",
              "52.142.172.32",
              "52.142.172.115",
              "51.137.163.33"
            ],
            "outbound_ip_addresses": "51.137.140.150,51.137.141.228,52.142.171.119,52.142.172.22,52.142.172.32,52.142.172.115,51.137.163.33",
            "possible_outbound_ip_address_list": [
              "51.137.140.150",
              "51.137.141.228",
              "52.142.171.119",
              "52.142.172.22",
              "52.142.172.32",
              "52.142.172.115",
              "52.142.172.128",
              "52.142.172.145",
              "51.137.141.177",
              "52.142.173.42",
              "52.142.173.71",
              "52.142.173.133",
              "52.142.173.232",
              "52.142.172.106",
              "52.142.172.107",
              "52.142.172.120",
              "52.142.172.121",
              "52.142.172.146",
              "51.104.32.136",
              "51.104.38.37",
              "51.104.35.241",
              "51.104.38.184",
              "51.104.39.24",
              "51.104.39.35",
              "51.137.163.33"
            ],
            "possible_outbound_ip_addresses": "51.137.140.150,51.137.141.228,52.142.171.119,52.142.172.22,52.142.172.32,52.142.172.115,52.142.172.128,52.142.172.145,51.137.141.177,52.142.173.42,52.142.173.71,52.142.173.133,52.142.173.232,52.142.172.106,52.142.172.107,52.142.172.120,52.142.172.121,52.142.172.146,51.104.32.136,51.104.38.37,51.104.35.241,51.104.38.184,51.104.39.24,51.104.39.35,51.137.163.33",
            "resource_group_name": "testingARM",
            "service_plan_id": "/subscriptions/26b3c258-f71f-4c14-b08e-32bff9b16b5a/resourceGroups/testingARM/providers/Microsoft.Web/serverfarms/tfserviceplan",
            "site_config": [
              {
                "always_on": true,
                "api_definition_url": "",
                "api_management_api_id": "",
                "app_command_line": "",
                "application_stack": [
                  {
                    "docker_image": "",
                    "docker_image_tag": "",
                    "dotnet_version": "",
                    "java_server": "",
                    "java_server_version": "",
                    "java_version": "",
                    "node_version": "",
                    "php_version": "",
                    "python_version": "",
                    "ruby_version": ""
                  }
                ],
                "auto_heal_enabled": false,
                "auto_heal_setting": [],
                "container_registry_managed_identity_client_id": "",
                "container_registry_use_managed_identity": false,
                "cors": [],
                "default_documents": [
                  "Default.htm",
                  "Default.html",
                  "Default.asp",
                  "index.htm",
                  "index.html",
                  "iisstart.htm",
                  "default.aspx",
                  "index.php",
                  "hostingstart.html"
                ],
                "detailed_error_logging_enabled": false,
                "ftps_state": "Disabled",
                "health_check_eviction_time_in_min": 0,
                "health_check_path": "",
                "http2_enabled": false,
                "ip_restriction": [],
                "linux_fx_version": "DOCKER|mcr.microsoft.com/dotnet/samples:aspnetapp:linuxwebapp",
                "load_balancing_mode": "LeastRequests",
                "local_mysql_enabled": false,
                "managed_pipeline_mode": "Integrated",
                "minimum_tls_version": "1.2",
                "remote_debugging_enabled": false,
                "remote_debugging_version": "VS2019",
                "scm_ip_restriction": [],
                "scm_minimum_tls_version": "1.2",
                "scm_type": "None",
                "scm_use_main_ip_restriction": false,
                "use_32_bit_worker": true,
                "vnet_route_all_enabled": false,
                "websockets_enabled": false,
                "worker_count": 1
              }
            ],
            "site_credential": [
              {
                "name": "$tflinuxapp",
                "password": "hQXjxbf0KqKwlRrpb7hTMaeXbST7uZ7cmjaZ732Ljbnf43kimlRgmlxlk6i1"
              }
            ],
            "storage_account": [],
            "tags": {},
            "timeouts": null
          },
          "sensitive_attributes": []
        }
      ]
    },
    {
      "mode": "data",
      "type": "azurerm_virtual_network",
      "name": "vnet",
      "provider": "provider[\"registry.terraform.io/hashicorp/azurerm\"]",
      "instances": [
        {
          "schema_version": 0,
          "attributes": {
            "address_space": [
              "10.0.0.0/16"
            ],
            "dns_servers": [],
            "guid": "26932c7e-4f1b-4427-a2bd-5c18a235314e",
            "id": "/subscriptions/26b3c258-f71f-4c14-b08e-32bff9b16b5a/resourceGroups/testingARM/providers/Microsoft.Network/virtualNetworks/tf-vnet",
            "location": "ukwest",
            "name": "tf-vnet",
            "resource_group_name": "testingARM",
            "subnets": [
              "tf-subnet1",
              "tf-subnet2",
              "tf-subnet3"
            ],
            "tags": {},
            "timeouts": null,
            "vnet_peerings": {},
            "vnet_peerings_addresses": []
          },
          "sensitive_attributes": []
        }
      ]
    },
    {
      "mode": "managed",
      "type": "azurerm_app_service_virtual_network_swift_connection",
      "name": "integration",
      "provider": "provider[\"registry.terraform.io/hashicorp/azurerm\"]",
      "instances": [
        {
          "schema_version": 0,
          "attributes": {
            "app_service_id": "/subscriptions/26b3c258-f71f-4c14-b08e-32bff9b16b5a/resourceGroups/testingARM/providers/Microsoft.Web/sites/tflinuxapp",
            "id": "/subscriptions/26b3c258-f71f-4c14-b08e-32bff9b16b5a/resourceGroups/testingARM/providers/Microsoft.Web/sites/tflinuxapp/config/virtualNetwork",
            "subnet_id": "/subscriptions/26b3c258-f71f-4c14-b08e-32bff9b16b5a/resourceGroups/testingARM/providers/Microsoft.Network/virtualNetworks/tf-vnet/subnets/subnetforintegration",
            "timeouts": null
          },
          "sensitive_attributes": [],
          "private": "eyJlMmJmYjczMC1lY2FhLTExZTYtOGY4OC0zNDM2M2JjN2M0YzAiOnsiY3JlYXRlIjoxODAwMDAwMDAwMDAwLCJkZWxldGUiOjE4MDAwMDAwMDAwMDAsInJlYWQiOjMwMDAwMDAwMDAwMCwidXBkYXRlIjoxODAwMDAwMDAwMDAwfX0=",
          "dependencies": [
            "azurerm_subnet.subnet",
            "data.azurerm_linux_web_app.webapp"
          ]
        }
      ]
    },
    {
      "mode": "managed",
      "type": "azurerm_subnet",
      "name": "subnet",
      "provider": "provider[\"registry.terraform.io/hashicorp/azurerm\"]",
      "instances": [
        {
          "schema_version": 0,
          "attributes": {
            "address_prefixes": [
              "10.0.4.0/24"
            ],
            "delegation": [
              {
                "name": "delegation",
                "service_delegation": [
                  {
                    "actions": [
                      "Microsoft.Network/virtualNetworks/subnets/action"
                    ],
                    "name": "Microsoft.Web/serverFarms"
                  }
                ]
              }
            ],
            "enforce_private_link_endpoint_network_policies": false,
            "enforce_private_link_service_network_policies": false,
            "id": "/subscriptions/26b3c258-f71f-4c14-b08e-32bff9b16b5a/resourceGroups/testingARM/providers/Microsoft.Network/virtualNetworks/tf-vnet/subnets/subnetforintegration",
            "name": "subnetforintegration",
            "resource_group_name": "testingARM",
            "service_endpoint_policy_ids": null,
            "service_endpoints": null,
            "timeouts": null,
            "virtual_network_name": "tf-vnet"
          },
          "sensitive_attributes": [],
          "private": "eyJlMmJmYjczMC1lY2FhLTExZTYtOGY4OC0zNDM2M2JjN2M0YzAiOnsiY3JlYXRlIjoxODAwMDAwMDAwMDAwLCJkZWxldGUiOjE4MDAwMDAwMDAwMDAsInJlYWQiOjMwMDAwMDAwMDAwMCwidXBkYXRlIjoxODAwMDAwMDAwMDAwfX0="
        }
      ]
    }
  ]
}
