{
  "version": 4,
  "terraform_version": "1.2.8",
  "serial": 9,
  "lineage": "6db5a19f-0acd-2aa8-fddf-c959feb9faf2",
  "outputs": {},
  "resources": [
    {
      "mode": "data",
      "type": "azurerm_subnet",
      "name": "subnet",
      "provider": "provider[\"registry.terraform.io/hashicorp/azurerm\"]",
      "instances": [
        {
          "schema_version": 0,
          "attributes": {
            "address_prefix": "10.0.3.0/24",
            "address_prefixes": [
              "10.0.3.0/24"
            ],
            "enforce_private_link_endpoint_network_policies": false,
            "enforce_private_link_service_network_policies": false,
            "id": "/subscriptions/26b3c258-f71f-4c14-b08e-32bff9b16b5a/resourceGroups/testingARM/providers/Microsoft.Network/virtualNetworks/tf-vnet/subnets/tf-subnet3",
            "name": "tf-subnet3",
            "network_security_group_id": "",
            "resource_group_name": "testingARM",
            "route_table_id": "",
            "service_endpoints": [],
            "timeouts": null,
            "virtual_network_name": "tf-vnet"
          },
          "sensitive_attributes": []
        }
      ]
    },
    {
      "mode": "managed",
      "type": "azurerm_application_gateway",
      "name": "gateway",
      "provider": "provider[\"registry.terraform.io/hashicorp/azurerm\"]",
      "instances": []
    },
    {
      "mode": "managed",
      "type": "azurerm_web_application_firewall_policy",
      "name": "waf",
      "provider": "provider[\"registry.terraform.io/hashicorp/azurerm\"]",
      "instances": [
        {
          "schema_version": 0,
          "attributes": {
            "custom_rules": [],
            "http_listener_ids": [],
            "id": "/subscriptions/26b3c258-f71f-4c14-b08e-32bff9b16b5a/resourceGroups/testingARM/providers/Microsoft.Network/ApplicationGatewayWebApplicationFirewallPolicies/tf-waf",
            "location": "ukwest",
            "managed_rules": [
              {
                "exclusion": [],
                "managed_rule_set": [
                  {
                    "rule_group_override": [],
                    "type": "OWASP",
                    "version": "3.2"
                  }
                ]
              }
            ],
            "name": "tf-waf",
            "path_based_rule_ids": [],
            "policy_settings": [
              {
                "enabled": true,
                "file_upload_limit_in_mb": 100,
                "max_request_body_size_in_kb": 128,
                "mode": "Detection",
                "request_body_check": true
              }
            ],
            "resource_group_name": "testingARM",
            "tags": {},
            "timeouts": null
          },
          "sensitive_attributes": [],
          "private": "eyJlMmJmYjczMC1lY2FhLTExZTYtOGY4OC0zNDM2M2JjN2M0YzAiOnsiY3JlYXRlIjoxODAwMDAwMDAwMDAwLCJkZWxldGUiOjE4MDAwMDAwMDAwMDAsInJlYWQiOjMwMDAwMDAwMDAwMCwidXBkYXRlIjoxODAwMDAwMDAwMDAwfX0="
        }
      ]
    }
  ]
}
