{
  "version": 4,
  "terraform_version": "1.2.8",
  "serial": 6,
  "lineage": "408e9b49-1d52-27d6-c3c3-5ffb8cb9e9cb",
  "outputs": {},
  "resources": [
    {
      "mode": "data",
      "type": "azurerm_resource_group",
      "name": "rg",
      "provider": "provider[\"registry.terraform.io/hashicorp/azurerm\"]",
      "instances": [
        {
          "schema_version": 0,
          "attributes": {
            "id": "/subscriptions/0caac0d7-05bb-4689-9c72-a9878636f4b6/resourceGroups/testing",
            "location": "ukwest",
            "name": "testing",
            "tags": {},
            "timeouts": null
          },
          "sensitive_attributes": []
        }
      ]
    },
    {
      "mode": "managed",
      "type": "azurerm_storage_account",
      "name": "storage",
      "provider": "provider[\"registry.terraform.io/hashicorp/azurerm\"]",
      "instances": [
        {
          "schema_version": 3,
          "attributes": {
            "access_tier": "Hot",
            "account_kind": "StorageV2",
            "account_replication_type": "LRS",
            "account_tier": "Standard",
            "allow_nested_items_to_be_public": true,
            "azure_files_authentication": [],
            "blob_properties": [
              {
                "change_feed_enabled": false,
                "container_delete_retention_policy": [],
                "cors_rule": [],
                "default_service_version": "",
                "delete_retention_policy": [],
                "last_access_time_enabled": false,
                "versioning_enabled": false
              }
            ],
            "custom_domain": [],
            "customer_managed_key": [],
            "edge_zone": "",
            "enable_https_traffic_only": true,
            "id": "/subscriptions/0caac0d7-05bb-4689-9c72-a9878636f4b6/resourceGroups/testing/providers/Microsoft.Storage/storageAccounts/tfstorageforstatic",
            "identity": [],
            "infrastructure_encryption_enabled": false,
            "is_hns_enabled": false,
            "large_file_share_enabled": null,
            "location": "ukwest",
            "min_tls_version": "TLS1_2",
            "name": "tfstorageforstatic",
            "network_rules": [
              {
                "bypass": [
                  "AzureServices"
                ],
                "default_action": "Allow",
                "ip_rules": [],
                "private_link_access": [],
                "virtual_network_subnet_ids": []
              }
            ],
            "nfsv3_enabled": false,
            "primary_access_key": "Ibi67pD0j/xz8E5yZxezfo+nFS9zC0LnfwGjOZeowbuP8yNBHeqwGb2Tg5bL6W1bEs4eshERdCcB+ASt5oFN+w==",
            "primary_blob_connection_string": "DefaultEndpointsProtocol=https;BlobEndpoint=https://tfstorageforstatic.blob.core.windows.net/;AccountName=tfstorageforstatic;AccountKey=Ibi67pD0j/xz8E5yZxezfo+nFS9zC0LnfwGjOZeowbuP8yNBHeqwGb2Tg5bL6W1bEs4eshERdCcB+ASt5oFN+w==",
            "primary_blob_endpoint": "https://tfstorageforstatic.blob.core.windows.net/",
            "primary_blob_host": "tfstorageforstatic.blob.core.windows.net",
            "primary_connection_string": "DefaultEndpointsProtocol=https;AccountName=tfstorageforstatic;AccountKey=Ibi67pD0j/xz8E5yZxezfo+nFS9zC0LnfwGjOZeowbuP8yNBHeqwGb2Tg5bL6W1bEs4eshERdCcB+ASt5oFN+w==;EndpointSuffix=core.windows.net",
            "primary_dfs_endpoint": "https://tfstorageforstatic.dfs.core.windows.net/",
            "primary_dfs_host": "tfstorageforstatic.dfs.core.windows.net",
            "primary_file_endpoint": "https://tfstorageforstatic.file.core.windows.net/",
            "primary_file_host": "tfstorageforstatic.file.core.windows.net",
            "primary_location": "ukwest",
            "primary_queue_endpoint": "https://tfstorageforstatic.queue.core.windows.net/",
            "primary_queue_host": "tfstorageforstatic.queue.core.windows.net",
            "primary_table_endpoint": "https://tfstorageforstatic.table.core.windows.net/",
            "primary_table_host": "tfstorageforstatic.table.core.windows.net",
            "primary_web_endpoint": "https://tfstorageforstatic.z35.web.core.windows.net/",
            "primary_web_host": "tfstorageforstatic.z35.web.core.windows.net",
            "queue_encryption_key_type": "Service",
            "queue_properties": [
              {
                "cors_rule": [],
                "hour_metrics": [
                  {
                    "enabled": true,
                    "include_apis": true,
                    "retention_policy_days": 7,
                    "version": "1.0"
                  }
                ],
                "logging": [
                  {
                    "delete": false,
                    "read": false,
                    "retention_policy_days": 0,
                    "version": "1.0",
                    "write": false
                  }
                ],
                "minute_metrics": [
                  {
                    "enabled": false,
                    "include_apis": false,
                    "retention_policy_days": 0,
                    "version": "1.0"
                  }
                ]
              }
            ],
            "resource_group_name": "testing",
            "routing": [],
            "secondary_access_key": "cgjrN+f2sCDMYRtRbrxH87fvSL7YG+z94ArXt0ZdLSKvaRY65gPdEqTn6yk1K7HaxwJkSmGyVdgy+AStMVhW1g==",
            "secondary_blob_connection_string": "",
            "secondary_blob_endpoint": null,
            "secondary_blob_host": null,
            "secondary_connection_string": "DefaultEndpointsProtocol=https;AccountName=tfstorageforstatic;AccountKey=cgjrN+f2sCDMYRtRbrxH87fvSL7YG+z94ArXt0ZdLSKvaRY65gPdEqTn6yk1K7HaxwJkSmGyVdgy+AStMVhW1g==;EndpointSuffix=core.windows.net",
            "secondary_dfs_endpoint": null,
            "secondary_dfs_host": null,
            "secondary_file_endpoint": null,
            "secondary_file_host": null,
            "secondary_location": "",
            "secondary_queue_endpoint": null,
            "secondary_queue_host": null,
            "secondary_table_endpoint": null,
            "secondary_table_host": null,
            "secondary_web_endpoint": null,
            "secondary_web_host": null,
            "share_properties": [
              {
                "cors_rule": [],
                "retention_policy": [
                  {
                    "days": 7
                  }
                ],
                "smb": []
              }
            ],
            "shared_access_key_enabled": true,
            "static_website": [],
            "table_encryption_key_type": "Service",
            "tags": {},
            "timeouts": null
          },
          "sensitive_attributes": [],
          "private": "eyJlMmJmYjczMC1lY2FhLTExZTYtOGY4OC0zNDM2M2JjN2M0YzAiOnsiY3JlYXRlIjozNjAwMDAwMDAwMDAwLCJkZWxldGUiOjM2MDAwMDAwMDAwMDAsInJlYWQiOjMwMDAwMDAwMDAwMCwidXBkYXRlIjozNjAwMDAwMDAwMDAwfSwic2NoZW1hX3ZlcnNpb24iOiIzIn0="
        }
      ]
    },
    {
      "mode": "managed",
      "type": "azurerm_user_assigned_identity",
      "name": "identity",
      "provider": "provider[\"registry.terraform.io/hashicorp/azurerm\"]",
      "instances": [
        {
          "schema_version": 1,
          "attributes": {
            "client_id": "ae0df9f2-3b0b-4036-81f7-d47c1e322035",
            "id": "/subscriptions/0caac0d7-05bb-4689-9c72-a9878636f4b6/resourceGroups/testing/providers/Microsoft.ManagedIdentity/userAssignedIdentities/tfUserId01",
            "location": "ukwest",
            "name": "tfUserId01",
            "principal_id": "957862cb-fd39-4375-b608-77e7a1c07d40",
            "resource_group_name": "testing",
            "tags": {},
            "tenant_id": "a228b3d5-0cd7-4f2b-83b7-f99997be2e17",
            "timeouts": null
          },
          "sensitive_attributes": [],
          "private": "eyJlMmJmYjczMC1lY2FhLTExZTYtOGY4OC0zNDM2M2JjN2M0YzAiOnsiY3JlYXRlIjoxODAwMDAwMDAwMDAwLCJkZWxldGUiOjE4MDAwMDAwMDAwMDAsInJlYWQiOjMwMDAwMDAwMDAwMCwidXBkYXRlIjoxODAwMDAwMDAwMDAwfSwic2NoZW1hX3ZlcnNpb24iOiIxIn0="
        }
      ]
    },
    {
      "mode": "managed",
      "type": "random_id",
      "name": "tag",
      "provider": "provider[\"registry.terraform.io/hashicorp/random\"]",
      "instances": [
        {
          "schema_version": 0,
          "attributes": {
            "b64_std": "HdnPJA==",
            "b64_url": "HdnPJA",
            "byte_length": 4,
            "dec": "500813604",
            "hex": "1dd9cf24",
            "id": "HdnPJA",
            "keepers": null,
            "prefix": null
          },
          "sensitive_attributes": []
        }
      ]
    }
  ]
}
