{
  "version": 4,
  "terraform_version": "1.2.8",
  "serial": 7,
  "lineage": "b4b29951-f188-c873-edaa-01029b8b64c4",
  "outputs": {},
  "resources": [
    {
      "mode": "data",
      "type": "azurerm_linux_web_app",
      "name": "app",
      "provider": "provider[\"registry.terraform.io/hashicorp/azurerm\"]",
      "instances": [
        {
          "schema_version": 0,
          "attributes": {
            "app_metadata": {},
            "app_settings": {},
            "auth_settings": [
              {
                "active_directory": [],
                "additional_login_parameters": {},
                "allowed_external_redirect_urls": [],
                "default_provider": "",
                "enabled": false,
                "facebook": [],
                "github": [],
                "google": [],
                "issuer": "",
                "microsoft": [],
                "runtime_version": "",
                "token_refresh_extension_hours": 0,
                "token_store_enabled": false,
                "twitter": [],
                "unauthenticated_client_action": ""
              }
            ],
            "backup": [],
            "client_affinity_enabled": false,
            "client_certificate_enabled": false,
            "client_certificate_mode": "Required",
            "connection_string": [],
            "custom_domain_verification_id": "80C4B5FBCCB949CE151806B1551AB2B23D81646CFE639A01598A698C86D0C287",
            "default_hostname": "tflinuxapp.azurewebsites.net",
            "enabled": true,
            "https_only": false,
            "id": "/subscriptions/26b3c258-f71f-4c14-b08e-32bff9b16b5a/resourceGroups/testingARM/providers/Microsoft.Web/sites/tflinuxapp",
            "identity": [],
            "key_vault_reference_identity_id": "",
            "kind": "app,linux,container",
            "location": "ukwest",
            "logs": [],
            "name": "tflinuxapp",
            "outbound_ip_address_list": [
              "51.137.140.150",
              "51.137.141.228",
              "52.142.171.119",
              "52.142.172.22",
              "52.142.172.32",
              "52.142.172.115",
              "51.137.163.33"
            ],
            "outbound_ip_addresses": "51.137.140.150,51.137.141.228,52.142.171.119,52.142.172.22,52.142.172.32,52.142.172.115,51.137.163.33",
            "possible_outbound_ip_address_list": [
              "51.137.140.150",
              "51.137.141.228",
              "52.142.171.119",
              "52.142.172.22",
              "52.142.172.32",
              "52.142.172.115",
              "52.142.172.128",
              "52.142.172.145",
              "51.137.141.177",
              "52.142.173.42",
              "52.142.173.71",
              "52.142.173.133",
              "52.142.173.232",
              "52.142.172.106",
              "52.142.172.107",
              "52.142.172.120",
              "52.142.172.121",
              "52.142.172.146",
              "51.104.32.136",
              "51.104.38.37",
              "51.104.35.241",
              "51.104.38.184",
              "51.104.39.24",
              "51.104.39.35",
              "51.137.163.33"
            ],
            "possible_outbound_ip_addresses": "51.137.140.150,51.137.141.228,52.142.171.119,52.142.172.22,52.142.172.32,52.142.172.115,52.142.172.128,52.142.172.145,51.137.141.177,52.142.173.42,52.142.173.71,52.142.173.133,52.142.173.232,52.142.172.106,52.142.172.107,52.142.172.120,52.142.172.121,52.142.172.146,51.104.32.136,51.104.38.37,51.104.35.241,51.104.38.184,51.104.39.24,51.104.39.35,51.137.163.33",
            "resource_group_name": "testingARM",
            "service_plan_id": "/subscriptions/26b3c258-f71f-4c14-b08e-32bff9b16b5a/resourceGroups/testingARM/providers/Microsoft.Web/serverfarms/tfserviceplan",
            "site_config": [
              {
                "always_on": true,
                "api_definition_url": "",
                "api_management_api_id": "",
                "app_command_line": "",
                "application_stack": [
                  {
                    "docker_image": "",
                    "docker_image_tag": "",
                    "dotnet_version": "",
                    "java_server": "",
                    "java_server_version": "",
                    "java_version": "",
                    "node_version": "",
                    "php_version": "",
                    "python_version": "",
                    "ruby_version": ""
                  }
                ],
                "auto_heal_enabled": false,
                "auto_heal_setting": [],
                "container_registry_managed_identity_client_id": "",
                "container_registry_use_managed_identity": false,
                "cors": [],
                "default_documents": [
                  "Default.htm",
                  "Default.html",
                  "Default.asp",
                  "index.htm",
                  "index.html",
                  "iisstart.htm",
                  "default.aspx",
                  "index.php",
                  "hostingstart.html"
                ],
                "detailed_error_logging_enabled": false,
                "ftps_state": "Disabled",
                "health_check_eviction_time_in_min": 0,
                "health_check_path": "",
                "http2_enabled": false,
                "ip_restriction": [],
                "linux_fx_version": "DOCKER|mcr.microsoft.com/dotnet/samples:aspnetapp:linuxwebapp",
                "load_balancing_mode": "LeastRequests",
                "local_mysql_enabled": false,
                "managed_pipeline_mode": "Integrated",
                "minimum_tls_version": "1.2",
                "remote_debugging_enabled": false,
                "remote_debugging_version": "VS2019",
                "scm_ip_restriction": [],
                "scm_minimum_tls_version": "1.2",
                "scm_type": "None",
                "scm_use_main_ip_restriction": false,
                "use_32_bit_worker": true,
                "vnet_route_all_enabled": false,
                "websockets_enabled": false,
                "worker_count": 1
              }
            ],
            "site_credential": [
              {
                "name": "$tflinuxapp",
                "password": "LdzRZA0bSwMEekcWTnZLxi2ayPxbYgRPe11YiiHKvmxbqMg6drkjp9y2irvA"
              }
            ],
            "sticky_settings": [],
            "storage_account": [],
            "tags": {},
            "timeouts": null,
            "virtual_network_subnet_id": ""
          },
          "sensitive_attributes": []
        }
      ]
    },
    {
      "mode": "data",
      "type": "azurerm_resource_group",
      "name": "testingARM",
      "provider": "provider[\"registry.terraform.io/hashicorp/azurerm\"]",
      "instances": [
        {
          "schema_version": 0,
          "attributes": {
            "id": "/subscriptions/26b3c258-f71f-4c14-b08e-32bff9b16b5a/resourceGroups/testingARM",
            "location": "ukwest",
            "name": "testingARM",
            "tags": {},
            "timeouts": null
          },
          "sensitive_attributes": []
        }
      ]
    },
    {
      "mode": "data",
      "type": "azurerm_service_plan",
      "name": "plan",
      "provider": "provider[\"registry.terraform.io/hashicorp/azurerm\"]",
      "instances": [
        {
          "schema_version": 0,
          "attributes": {
            "app_service_environment_id": "",
            "id": "/subscriptions/26b3c258-f71f-4c14-b08e-32bff9b16b5a/resourceGroups/testingARM/providers/Microsoft.Web/serverfarms/tfserviceplan",
            "kind": "linux",
            "location": "ukwest",
            "maximum_elastic_worker_count": 1,
            "name": "tfserviceplan",
            "os_type": "Linux",
            "per_site_scaling_enabled": false,
            "reserved": true,
            "resource_group_name": "testingARM",
            "sku_name": "S1",
            "tags": {},
            "timeouts": null,
            "worker_count": 1,
            "zone_balancing_enabled": false
          },
          "sensitive_attributes": []
        }
      ]
    },
    {
      "mode": "data",
      "type": "azurerm_storage_account",
      "name": "st",
      "provider": "provider[\"registry.terraform.io/hashicorp/azurerm\"]",
      "instances": [
        {
          "schema_version": 0,
          "attributes": {
            "access_tier": "Hot",
            "account_kind": "StorageV2",
            "account_replication_type": "LRS",
            "account_tier": "Standard",
            "allow_nested_items_to_be_public": true,
            "custom_domain": null,
            "enable_https_traffic_only": true,
            "id": "/subscriptions/26b3c258-f71f-4c14-b08e-32bff9b16b5a/resourceGroups/testingARM/providers/Microsoft.Storage/storageAccounts/tfstacc321",
            "identity": [],
            "infrastructure_encryption_enabled": false,
            "is_hns_enabled": false,
            "location": "ukwest",
            "min_tls_version": "TLS1_2",
            "name": "tfstacc321",
            "nfsv3_enabled": false,
            "primary_access_key": "KdYF3t8bgjo/JCNVq+qpSfUXCqftk4876mgij3E81hrmJZEUC3ip1qPN2KOhmsKgpzG2dR0Ed5B7+AStMJh8Tg==",
            "primary_blob_connection_string": "DefaultEndpointsProtocol=https;BlobEndpoint=https://tfstacc321.blob.core.windows.net/;AccountName=tfstacc321;AccountKey=KdYF3t8bgjo/JCNVq+qpSfUXCqftk4876mgij3E81hrmJZEUC3ip1qPN2KOhmsKgpzG2dR0Ed5B7+AStMJh8Tg==",
            "primary_blob_endpoint": "https://tfstacc321.blob.core.windows.net/",
            "primary_blob_host": "tfstacc321.blob.core.windows.net",
            "primary_connection_string": "DefaultEndpointsProtocol=https;AccountName=tfstacc321;AccountKey=KdYF3t8bgjo/JCNVq+qpSfUXCqftk4876mgij3E81hrmJZEUC3ip1qPN2KOhmsKgpzG2dR0Ed5B7+AStMJh8Tg==;EndpointSuffix=core.windows.net",
            "primary_dfs_endpoint": "https://tfstacc321.dfs.core.windows.net/",
            "primary_dfs_host": "tfstacc321.dfs.core.windows.net",
            "primary_file_endpoint": "https://tfstacc321.file.core.windows.net/",
            "primary_file_host": "tfstacc321.file.core.windows.net",
            "primary_location": "ukwest",
            "primary_queue_endpoint": "https://tfstacc321.queue.core.windows.net/",
            "primary_queue_host": "tfstacc321.queue.core.windows.net",
            "primary_table_endpoint": "https://tfstacc321.table.core.windows.net/",
            "primary_table_host": "tfstacc321.table.core.windows.net",
            "primary_web_endpoint": "https://tfstacc321.z35.web.core.windows.net/",
            "primary_web_host": "tfstacc321.z35.web.core.windows.net",
            "queue_encryption_key_type": "Service",
            "resource_group_name": "testingARM",
            "secondary_access_key": "OXnvJ77T9OSDcbQaqQ7m6u3tKZzKkPN8gICD07a1P+iQQHO/fZDYrGdvGwCGKyWLjos7f7zfvaa1+AStC6o0jg==",
            "secondary_blob_connection_string": "",
            "secondary_blob_endpoint": null,
            "secondary_blob_host": null,
            "secondary_connection_string": "DefaultEndpointsProtocol=https;AccountName=tfstacc321;AccountKey=OXnvJ77T9OSDcbQaqQ7m6u3tKZzKkPN8gICD07a1P+iQQHO/fZDYrGdvGwCGKyWLjos7f7zfvaa1+AStC6o0jg==;EndpointSuffix=core.windows.net",
            "secondary_dfs_endpoint": null,
            "secondary_dfs_host": null,
            "secondary_file_endpoint": null,
            "secondary_file_host": null,
            "secondary_location": "",
            "secondary_queue_endpoint": null,
            "secondary_queue_host": null,
            "secondary_table_endpoint": null,
            "secondary_table_host": null,
            "secondary_web_endpoint": null,
            "secondary_web_host": null,
            "table_encryption_key_type": "Service",
            "tags": {},
            "timeouts": null
          },
          "sensitive_attributes": []
        }
      ]
    },
    {
      "mode": "data",
      "type": "azurerm_storage_account_sas",
      "name": "sastoken",
      "provider": "provider[\"registry.terraform.io/hashicorp/azurerm\"]",
      "instances": [
        {
          "schema_version": 0,
          "attributes": {
            "connection_string": "DefaultEndpointsProtocol=https;AccountName=tfstacc321;AccountKey=KdYF3t8bgjo/JCNVq+qpSfUXCqftk4876mgij3E81hrmJZEUC3ip1qPN2KOhmsKgpzG2dR0Ed5B7+AStMJh8Tg==;EndpointSuffix=core.windows.net",
            "expiry": "2023-01-01T00:00:00Z",
            "https_only": true,
            "id": "8b433ac0b67dac462e5787ce49564e73cfcbb242c80c7945364f086df0e72471",
            "ip_addresses": null,
            "permissions": [
              {
                "add": true,
                "create": true,
                "delete": false,
                "filter": false,
                "list": false,
                "process": false,
                "read": true,
                "tag": false,
                "update": false,
                "write": true
              }
            ],
            "resource_types": [
              {
                "container": true,
                "object": false,
                "service": true
              }
            ],
            "sas": "?sv=2022-09-19T09%3A30%3A59Z\u0026ss=b\u0026srt=sc\u0026sp=rwac\u0026se=2023-01-01T00:00:00Z\u0026st=2022-09-12T09:35:59Z\u0026spr=https\u0026sig=5S1gDqIB7J826ZCvGbmEIfh3vwe0iw%2BLH899WeseW58%3D",
            "services": [
              {
                "blob": true,
                "file": false,
                "queue": false,
                "table": false
              }
            ],
            "signed_version": "2022-09-19T09:30:59Z",
            "start": "2022-09-12T09:35:59Z",
            "timeouts": null
          },
          "sensitive_attributes": [
            [
              {
                "type": "get_attr",
                "value": "connection_string"
              }
            ]
          ]
        }
      ]
    },
    {
      "mode": "managed",
      "type": "azurerm_linux_web_app",
      "name": "app",
      "provider": "provider[\"registry.terraform.io/hashicorp/azurerm\"]",
      "instances": [
        {
          "schema_version": 0,
          "attributes": {
            "app_settings": {},
            "auth_settings": [
              {
                "active_directory": [],
                "additional_login_parameters": {},
                "allowed_external_redirect_urls": [],
                "default_provider": "",
                "enabled": false,
                "facebook": [],
                "github": [],
                "google": [],
                "issuer": "",
                "microsoft": [],
                "runtime_version": "",
                "token_refresh_extension_hours": 0,
                "token_store_enabled": false,
                "twitter": [],
                "unauthenticated_client_action": ""
              }
            ],
            "backup": [],
            "client_affinity_enabled": false,
            "client_certificate_enabled": false,
            "client_certificate_mode": "Required",
            "connection_string": [],
            "custom_domain_verification_id": "80C4B5FBCCB949CE151806B1551AB2B23D81646CFE639A01598A698C86D0C287",
            "default_hostname": "tflinuxapp.azurewebsites.net",
            "enabled": true,
            "https_only": false,
            "id": "/subscriptions/26b3c258-f71f-4c14-b08e-32bff9b16b5a/resourceGroups/testingARM/providers/Microsoft.Web/sites/tflinuxapp",
            "identity": [],
            "key_vault_reference_identity_id": "SystemAssigned",
            "kind": "app,linux,container",
            "location": "ukwest",
            "logs": [],
            "name": "tflinuxapp",
            "outbound_ip_address_list": [
              "51.137.140.150",
              "51.137.141.228",
              "52.142.171.119",
              "52.142.172.22",
              "52.142.172.32",
              "52.142.172.115",
              "51.137.163.33"
            ],
            "outbound_ip_addresses": "51.137.140.150,51.137.141.228,52.142.171.119,52.142.172.22,52.142.172.32,52.142.172.115,51.137.163.33",
            "possible_outbound_ip_address_list": [
              "51.137.140.150",
              "51.137.141.228",
              "52.142.171.119",
              "52.142.172.22",
              "52.142.172.32",
              "52.142.172.115",
              "52.142.172.128",
              "52.142.172.145",
              "51.137.141.177",
              "52.142.173.42",
              "52.142.173.71",
              "52.142.173.133",
              "52.142.173.232",
              "52.142.172.106",
              "52.142.172.107",
              "52.142.172.120",
              "52.142.172.121",
              "52.142.172.146",
              "51.104.32.136",
              "51.104.38.37",
              "51.104.35.241",
              "51.104.38.184",
              "51.104.39.24",
              "51.104.39.35",
              "51.137.163.33"
            ],
            "possible_outbound_ip_addresses": "51.137.140.150,51.137.141.228,52.142.171.119,52.142.172.22,52.142.172.32,52.142.172.115,52.142.172.128,52.142.172.145,51.137.141.177,52.142.173.42,52.142.173.71,52.142.173.133,52.142.173.232,52.142.172.106,52.142.172.107,52.142.172.120,52.142.172.121,52.142.172.146,51.104.32.136,51.104.38.37,51.104.35.241,51.104.38.184,51.104.39.24,51.104.39.35,51.137.163.33",
            "resource_group_name": "testingARM",
            "service_plan_id": "/subscriptions/26b3c258-f71f-4c14-b08e-32bff9b16b5a/resourceGroups/testingARM/providers/Microsoft.Web/serverfarms/tfserviceplan",
            "site_config": [
              {
                "always_on": true,
                "api_definition_url": "",
                "api_management_api_id": "",
                "app_command_line": "",
                "application_stack": [
                  {
                    "docker_image": "",
                    "docker_image_tag": "",
                    "dotnet_version": "",
                    "java_server": "",
                    "java_server_version": "",
                    "java_version": "",
                    "node_version": "",
                    "php_version": "",
                    "python_version": "",
                    "ruby_version": ""
                  }
                ],
                "auto_heal_enabled": false,
                "auto_heal_setting": [],
                "container_registry_managed_identity_client_id": "",
                "container_registry_use_managed_identity": false,
                "cors": [],
                "default_documents": [
                  "Default.htm",
                  "Default.html",
                  "Default.asp",
                  "index.htm",
                  "index.html",
                  "iisstart.htm",
                  "default.aspx",
                  "index.php",
                  "hostingstart.html"
                ],
                "detailed_error_logging_enabled": false,
                "ftps_state": "Disabled",
                "health_check_eviction_time_in_min": 0,
                "health_check_path": "",
                "http2_enabled": false,
                "ip_restriction": [],
                "linux_fx_version": "DOCKER|mcr.microsoft.com/dotnet/samples:aspnetapp:linuxwebapp",
                "load_balancing_mode": "LeastRequests",
                "local_mysql_enabled": false,
                "managed_pipeline_mode": "Integrated",
                "minimum_tls_version": "1.2",
                "remote_debugging_enabled": false,
                "remote_debugging_version": "VS2019",
                "scm_ip_restriction": [],
                "scm_minimum_tls_version": "1.2",
                "scm_type": "None",
                "scm_use_main_ip_restriction": false,
                "use_32_bit_worker": true,
                "vnet_route_all_enabled": false,
                "websockets_enabled": false,
                "worker_count": 1
              }
            ],
            "site_credential": [
              {
                "name": "$tflinuxapp",
                "password": "LdzRZA0bSwMEekcWTnZLxi2ayPxbYgRPe11YiiHKvmxbqMg6drkjp9y2irvA"
              }
            ],
            "sticky_settings": [],
            "storage_account": [],
            "tags": {},
            "timeouts": {
              "create": null,
              "delete": null,
              "read": null,
              "update": null
            },
            "virtual_network_subnet_id": "",
            "zip_deploy_file": ""
          },
          "sensitive_attributes": [],
          "private": "eyJlMmJmYjczMC1lY2FhLTExZTYtOGY4OC0zNDM2M2JjN2M0YzAiOnsiY3JlYXRlIjoxODAwMDAwMDAwMDAwLCJkZWxldGUiOjE4MDAwMDAwMDAwMDAsInJlYWQiOjMwMDAwMDAwMDAwMCwidXBkYXRlIjoxODAwMDAwMDAwMDAwfSwic2NoZW1hX3ZlcnNpb24iOiIwIn0="
        }
      ]
    }
  ]
}
