{
  "version": 4,
  "terraform_version": "1.2.8",
  "serial": 3,
  "lineage": "2e8e1e6c-ae69-90d0-e815-4f27c95abe40",
  "outputs": {},
  "resources": [
    {
      "mode": "data",
      "type": "azurerm_client_config",
      "name": "current",
      "provider": "provider[\"registry.terraform.io/hashicorp/azurerm\"]",
      "instances": [
        {
          "schema_version": 0,
          "attributes": {
            "client_id": "04b07795-8ddb-461a-bbee-02f9e1bf7b46",
            "id": "2022-09-12 10:02:57.7857999 +0000 UTC",
            "object_id": "",
            "subscription_id": "26b3c258-f71f-4c14-b08e-32bff9b16b5a",
            "tenant_id": "dc7a1772-9ca9-411c-9e9c-e5575ef2afa3",
            "timeouts": null
          },
          "sensitive_attributes": []
        }
      ]
    },
    {
      "mode": "managed",
      "type": "azurerm_key_vault",
      "name": "kv",
      "provider": "provider[\"registry.terraform.io/hashicorp/azurerm\"]",
      "instances": [
        {
          "schema_version": 2,
          "attributes": {
            "access_policy": [
              {
                "application_id": "",
                "certificate_permissions": null,
                "key_permissions": [
                  "Get",
                  "List"
                ],
                "object_id": "04b07795-8ddb-461a-bbee-02f9e1bf7b46",
                "secret_permissions": [
                  "Get",
                  "List"
                ],
                "storage_permissions": null,
                "tenant_id": "dc7a1772-9ca9-411c-9e9c-e5575ef2afa3"
              }
            ],
            "contact": [],
            "enable_rbac_authorization": false,
            "enabled_for_deployment": false,
            "enabled_for_disk_encryption": false,
            "enabled_for_template_deployment": false,
            "id": "/subscriptions/26b3c258-f71f-4c14-b08e-32bff9b16b5a/resourceGroups/testingARM/providers/Microsoft.KeyVault/vaults/tf-keyvault420",
            "location": "ukwest",
            "name": "tf-keyvault420",
            "network_acls": [
              {
                "bypass": "AzureServices",
                "default_action": "Allow",
                "ip_rules": [],
                "virtual_network_subnet_ids": []
              }
            ],
            "purge_protection_enabled": false,
            "resource_group_name": "testingARM",
            "sku_name": "standard",
            "soft_delete_retention_days": 7,
            "tags": null,
            "tenant_id": "dc7a1772-9ca9-411c-9e9c-e5575ef2afa3",
            "timeouts": null,
            "vault_uri": "https://tf-keyvault420.vault.azure.net/"
          },
          "sensitive_attributes": [],
          "private": "eyJlMmJmYjczMC1lY2FhLTExZTYtOGY4OC0zNDM2M2JjN2M0YzAiOnsiY3JlYXRlIjoxODAwMDAwMDAwMDAwLCJkZWxldGUiOjE4MDAwMDAwMDAwMDAsInJlYWQiOjMwMDAwMDAwMDAwMCwidXBkYXRlIjoxODAwMDAwMDAwMDAwfSwic2NoZW1hX3ZlcnNpb24iOiIyIn0=",
          "dependencies": [
            "data.azurerm_client_config.current"
          ]
        }
      ]
    }
  ]
}
